PODS:
  - NexmoClient (2.1.1.13)
  - SwiftyCrypto (0.0.1)
  - SwiftyJWT (0.0.3):
    - SwiftyCrypto (~> 0.0.1)

DEPENDENCIES:
  - NexmoClient
  - SwiftyJWT (= 0.0.3)

SPEC REPOS:
  "https://RastriginSergey:bf7c01201bb66884ede188847a5473e3093ef2c9@github.com/Vonage/PrivateCocoapodsSpecs":
    - NexmoClient
  trunk:
    - SwiftyCrypto
    - SwiftyJWT

SPEC CHECKSUMS:
  NexmoClient: 9f239f5bf438999adbdbd0842d97515eca649079
  SwiftyCrypto: ab59cdb153a7ca99b657fa8d9ebd2ebbd7694bbe
  SwiftyJWT: e46e8457138c6567a1a9ff05a6efc8ef678c1187

PODFILE CHECKSUM: 83c3c3f6ec6c8d5437d9ffeb10a2ef4d03a283f2

COCOAPODS: 1.9.0
