PODS:
  - NexmoClient (2.1.0)

DEPENDENCIES:
  - NexmoClient (= 2.1.0)

SPEC REPOS:
  "https://RastriginSergey:fc827ef69f51ebd2e0af541e5fc1960d601aab15@github.com/Vonage/PrivateCocoapodsSpecs":
    - NexmoClient

SPEC CHECKSUMS:
  NexmoClient: fd540aee8ddd0f44b236f0c24b2212001a96fec3

PODFILE CHECKSUM: 0c16f471e1bef1381834f1628e22b53cefce3746

COCOAPODS: 1.8.4
