// !$*UTF8*$!
{
	archiveVersion = 1;
	classes = {
	};
	objectVersion = 52;
	objects = {

/* Begin PBXBuildFile section */
		08A1A0B9E3E138E93B861EBC /* Pods_E2EApp_E2EAppUITests.framework in Frameworks */ = {isa = PBXBuildFile; fileRef = 5F63B92B00009C9B69079ECA /* Pods_E2EApp_E2EAppUITests.framework */; };
		3C1FB44224096EB90010CFD4 /* vars.json in Resources */ = {isa = PBXBuildFile; fileRef = 3C1FB44124096EB90010CFD4 /* vars.json */; };
		3C1FB44324096FE20010CFD4 /* LoginViewController.m in Sources */ = {isa = PBXBuildFile; fileRef = B1FDC08623E4449D00131681 /* LoginViewController.m */; };
		3C1FB444240971550010CFD4 /* LoginViewController.m in Sources */ = {isa = PBXBuildFile; fileRef = B1FDC08623E4449D00131681 /* LoginViewController.m */; };
		92B29D7E363C9697103AF15A /* Pods_E2EApp.framework in Frameworks */ = {isa = PBXBuildFile; fileRef = C8B228EFC7C698864344C091 /* Pods_E2EApp.framework */; };
		B1289CD624166B2300F33F35 /* JWTGenerator.swift in Sources */ = {isa = PBXBuildFile; fileRef = B1289CD524166B2300F33F35 /* JWTGenerator.swift */; };
		B1FDC08123E4449D00131681 /* AppDelegate.m in Sources */ = {isa = PBXBuildFile; fileRef = B1FDC08023E4449D00131681 /* AppDelegate.m */; };
		B1FDC08A23E4449D00131681 /* Main.storyboard in Resources */ = {isa = PBXBuildFile; fileRef = B1FDC08823E4449D00131681 /* Main.storyboard */; };
		B1FDC08C23E4449E00131681 /* Assets.xcassets in Resources */ = {isa = PBXBuildFile; fileRef = B1FDC08B23E4449E00131681 /* Assets.xcassets */; };
		B1FDC08F23E4449E00131681 /* LaunchScreen.storyboard in Resources */ = {isa = PBXBuildFile; fileRef = B1FDC08D23E4449E00131681 /* LaunchScreen.storyboard */; };
		B1FDC09223E4449E00131681 /* main.m in Sources */ = {isa = PBXBuildFile; fileRef = B1FDC09123E4449E00131681 /* main.m */; };
		B1FDC09C23E4449E00131681 /* E2EAppUITests.m in Sources */ = {isa = PBXBuildFile; fileRef = B1FDC09B23E4449E00131681 /* E2EAppUITests.m */; platformFilter = ios; };
/* End PBXBuildFile section */

/* Begin PBXContainerItemProxy section */
		B1FDC09823E4449E00131681 /* PBXContainerItemProxy */ = {
			isa = PBXContainerItemProxy;
			containerPortal = B1FDC07423E4449D00131681 /* Project object */;
			proxyType = 1;
			remoteGlobalIDString = B1FDC07B23E4449D00131681;
			remoteInfo = E2EApp;
		};
/* End PBXContainerItemProxy section */

/* Begin PBXFileReference section */
		336493425D2794FD8AE2C538 /* Pods-E2EApp-E2EAppUITests.debug.xcconfig */ = {isa = PBXFileReference; includeInIndex = 1; lastKnownFileType = text.xcconfig; name = "Pods-E2EApp-E2EAppUITests.debug.xcconfig"; path = "Target Support Files/Pods-E2EApp-E2EAppUITests/Pods-E2EApp-E2EAppUITests.debug.xcconfig"; sourceTree = "<group>"; };
		3C1FB44124096EB90010CFD4 /* vars.json */ = {isa = PBXFileReference; fileEncoding = 4; lastKnownFileType = text.json; path = vars.json; sourceTree = "<group>"; };
		49111ABCDB4BB1DE98C27324 /* Pods-E2EApp.debug.xcconfig */ = {isa = PBXFileReference; includeInIndex = 1; lastKnownFileType = text.xcconfig; name = "Pods-E2EApp.debug.xcconfig"; path = "Target Support Files/Pods-E2EApp/Pods-E2EApp.debug.xcconfig"; sourceTree = "<group>"; };
		5F63B92B00009C9B69079ECA /* Pods_E2EApp_E2EAppUITests.framework */ = {isa = PBXFileReference; explicitFileType = wrapper.framework; includeInIndex = 0; path = Pods_E2EApp_E2EAppUITests.framework; sourceTree = BUILT_PRODUCTS_DIR; };
		65B8AF7CD9189398FD1E73C8 /* Pods-E2EApp-E2EAppUITests.release.xcconfig */ = {isa = PBXFileReference; includeInIndex = 1; lastKnownFileType = text.xcconfig; name = "Pods-E2EApp-E2EAppUITests.release.xcconfig"; path = "Target Support Files/Pods-E2EApp-E2EAppUITests/Pods-E2EApp-E2EAppUITests.release.xcconfig"; sourceTree = "<group>"; };
		AF9FCF73A64960E623A8BF67 /* appcenter-pre-build.sh */ = {isa = PBXFileReference; fileEncoding = 4; lastKnownFileType = text.script.sh; path = "appcenter-pre-build.sh"; sourceTree = "<group>"; };
		B1289CD424166B2200F33F35 /* E2EAppUITests-Bridging-Header.h */ = {isa = PBXFileReference; lastKnownFileType = sourcecode.c.h; path = "E2EAppUITests-Bridging-Header.h"; sourceTree = "<group>"; };
		B1289CD524166B2300F33F35 /* JWTGenerator.swift */ = {isa = PBXFileReference; lastKnownFileType = sourcecode.swift; path = JWTGenerator.swift; sourceTree = "<group>"; };
		B1FDC07C23E4449D00131681 /* E2EApp.app */ = {isa = PBXFileReference; explicitFileType = wrapper.application; includeInIndex = 0; path = E2EApp.app; sourceTree = BUILT_PRODUCTS_DIR; };
		B1FDC07F23E4449D00131681 /* AppDelegate.h */ = {isa = PBXFileReference; lastKnownFileType = sourcecode.c.h; path = AppDelegate.h; sourceTree = "<group>"; };
		B1FDC08023E4449D00131681 /* AppDelegate.m */ = {isa = PBXFileReference; lastKnownFileType = sourcecode.c.objc; path = AppDelegate.m; sourceTree = "<group>"; };
		B1FDC08523E4449D00131681 /* LoginViewController.h */ = {isa = PBXFileReference; lastKnownFileType = sourcecode.c.h; path = LoginViewController.h; sourceTree = "<group>"; };
		B1FDC08623E4449D00131681 /* LoginViewController.m */ = {isa = PBXFileReference; lastKnownFileType = sourcecode.c.objc; path = LoginViewController.m; sourceTree = "<group>"; };
		B1FDC08923E4449D00131681 /* Base */ = {isa = PBXFileReference; lastKnownFileType = file.storyboard; name = Base; path = Base.lproj/Main.storyboard; sourceTree = "<group>"; };
		B1FDC08B23E4449E00131681 /* Assets.xcassets */ = {isa = PBXFileReference; lastKnownFileType = folder.assetcatalog; path = Assets.xcassets; sourceTree = "<group>"; };
		B1FDC08E23E4449E00131681 /* Base */ = {isa = PBXFileReference; lastKnownFileType = file.storyboard; name = Base; path = Base.lproj/LaunchScreen.storyboard; sourceTree = "<group>"; };
		B1FDC09023E4449E00131681 /* Info.plist */ = {isa = PBXFileReference; lastKnownFileType = text.plist.xml; path = Info.plist; sourceTree = "<group>"; };
		B1FDC09123E4449E00131681 /* main.m */ = {isa = PBXFileReference; lastKnownFileType = sourcecode.c.objc; path = main.m; sourceTree = "<group>"; };
		B1FDC09723E4449E00131681 /* E2EAppUITests.xctest */ = {isa = PBXFileReference; explicitFileType = wrapper.cfbundle; includeInIndex = 0; path = E2EAppUITests.xctest; sourceTree = BUILT_PRODUCTS_DIR; };
		B1FDC09B23E4449E00131681 /* E2EAppUITests.m */ = {isa = PBXFileReference; lastKnownFileType = sourcecode.c.objc; path = E2EAppUITests.m; sourceTree = "<group>"; };
		B1FDC09D23E4449E00131681 /* Info.plist */ = {isa = PBXFileReference; lastKnownFileType = text.plist.xml; path = Info.plist; sourceTree = "<group>"; };
		C8B228EFC7C698864344C091 /* Pods_E2EApp.framework */ = {isa = PBXFileReference; explicitFileType = wrapper.framework; includeInIndex = 0; path = Pods_E2EApp.framework; sourceTree = BUILT_PRODUCTS_DIR; };
		D226BAA30E8CE07868555587 /* Pods-E2EApp.release.xcconfig */ = {isa = PBXFileReference; includeInIndex = 1; lastKnownFileType = text.xcconfig; name = "Pods-E2EApp.release.xcconfig"; path = "Target Support Files/Pods-E2EApp/Pods-E2EApp.release.xcconfig"; sourceTree = "<group>"; };
/* End PBXFileReference section */

/* Begin PBXFrameworksBuildPhase section */
		B1FDC07923E4449D00131681 /* Frameworks */ = {
			isa = PBXFrameworksBuildPhase;
			buildActionMask = 2147483647;
			files = (
				92B29D7E363C9697103AF15A /* Pods_E2EApp.framework in Frameworks */,
			);
			runOnlyForDeploymentPostprocessing = 0;
		};
		B1FDC09423E4449E00131681 /* Frameworks */ = {
			isa = PBXFrameworksBuildPhase;
			buildActionMask = 2147483647;
			files = (
				08A1A0B9E3E138E93B861EBC /* Pods_E2EApp_E2EAppUITests.framework in Frameworks */,
			);
			runOnlyForDeploymentPostprocessing = 0;
		};
/* End PBXFrameworksBuildPhase section */

/* Begin PBXGroup section */
		297D127ADBA06560F23CE5A6 /* Frameworks */ = {
			isa = PBXGroup;
			children = (
				AF9FCF73A64960E623A8BF67 /* appcenter-pre-build.sh */,
				C8B228EFC7C698864344C091 /* Pods_E2EApp.framework */,
				5F63B92B00009C9B69079ECA /* Pods_E2EApp_E2EAppUITests.framework */,
			);
			name = Frameworks;
			sourceTree = "<group>";
		};
		78ADD268CE4ED0B657586563 /* Pods */ = {
			isa = PBXGroup;
			children = (
				49111ABCDB4BB1DE98C27324 /* Pods-E2EApp.debug.xcconfig */,
				D226BAA30E8CE07868555587 /* Pods-E2EApp.release.xcconfig */,
				336493425D2794FD8AE2C538 /* Pods-E2EApp-E2EAppUITests.debug.xcconfig */,
				65B8AF7CD9189398FD1E73C8 /* Pods-E2EApp-E2EAppUITests.release.xcconfig */,
			);
			path = Pods;
			sourceTree = "<group>";
		};
		B1FDC07323E4449D00131681 = {
			isa = PBXGroup;
			children = (
				B1FDC07E23E4449D00131681 /* E2EApp */,
				B1FDC09A23E4449E00131681 /* E2EAppUITests */,
				B1FDC07D23E4449D00131681 /* Products */,
				78ADD268CE4ED0B657586563 /* Pods */,
				297D127ADBA06560F23CE5A6 /* Frameworks */,
			);
			sourceTree = "<group>";
		};
		B1FDC07D23E4449D00131681 /* Products */ = {
			isa = PBXGroup;
			children = (
				B1FDC07C23E4449D00131681 /* E2EApp.app */,
				B1FDC09723E4449E00131681 /* E2EAppUITests.xctest */,
			);
			name = Products;
			sourceTree = "<group>";
		};
		B1FDC07E23E4449D00131681 /* E2EApp */ = {
			isa = PBXGroup;
			children = (
				B1FDC07F23E4449D00131681 /* AppDelegate.h */,
				B1FDC08023E4449D00131681 /* AppDelegate.m */,
				B1FDC08523E4449D00131681 /* LoginViewController.h */,
				B1FDC08623E4449D00131681 /* LoginViewController.m */,
				B1FDC08823E4449D00131681 /* Main.storyboard */,
				B1FDC08B23E4449E00131681 /* Assets.xcassets */,
				B1FDC08D23E4449E00131681 /* LaunchScreen.storyboard */,
				B1FDC09023E4449E00131681 /* Info.plist */,
				B1FDC09123E4449E00131681 /* main.m */,
			);
			path = E2EApp;
			sourceTree = "<group>";
		};
		B1FDC09A23E4449E00131681 /* E2EAppUITests */ = {
			isa = PBXGroup;
			children = (
				3C1FB44124096EB90010CFD4 /* vars.json */,
				B1FDC09B23E4449E00131681 /* E2EAppUITests.m */,
				B1FDC09D23E4449E00131681 /* Info.plist */,
				B1289CD524166B2300F33F35 /* JWTGenerator.swift */,
				B1289CD424166B2200F33F35 /* E2EAppUITests-Bridging-Header.h */,
			);
			path = E2EAppUITests;
			sourceTree = "<group>";
		};
/* End PBXGroup section */

/* Begin PBXNativeTarget section */
		B1FDC07B23E4449D00131681 /* E2EApp */ = {
			isa = PBXNativeTarget;
			buildConfigurationList = B1FDC0A023E4449E00131681 /* Build configuration list for PBXNativeTarget "E2EApp" */;
			buildPhases = (
				41F8E1352D54804245896C03 /* [CP] Check Pods Manifest.lock */,
				B1FDC07823E4449D00131681 /* Sources */,
				B1FDC07923E4449D00131681 /* Frameworks */,
				B1FDC07A23E4449D00131681 /* Resources */,
				FDB41A8D798FA3F338D2E13A /* [CP] Embed Pods Frameworks */,
			);
			buildRules = (
			);
			dependencies = (
			);
			name = E2EApp;
			productName = E2EApp;
			productReference = B1FDC07C23E4449D00131681 /* E2EApp.app */;
			productType = "com.apple.product-type.application";
		};
		B1FDC09623E4449E00131681 /* E2EAppUITests */ = {
			isa = PBXNativeTarget;
			buildConfigurationList = B1FDC0A323E4449E00131681 /* Build configuration list for PBXNativeTarget "E2EAppUITests" */;
			buildPhases = (
				3CD3237978111C2C937D045A /* [CP] Check Pods Manifest.lock */,
				B1FDC09323E4449E00131681 /* Sources */,
				B1FDC09423E4449E00131681 /* Frameworks */,
				B1FDC09523E4449E00131681 /* Resources */,
				2F8DE63FD7BA13C5D60439F1 /* [CP] Embed Pods Frameworks */,
			);
			buildRules = (
			);
			dependencies = (
				B1FDC09923E4449E00131681 /* PBXTargetDependency */,
			);
			name = E2EAppUITests;
			productName = E2EAppUITests;
			productReference = B1FDC09723E4449E00131681 /* E2EAppUITests.xctest */;
			productType = "com.apple.product-type.bundle.ui-testing";
		};
/* End PBXNativeTarget section */

/* Begin PBXProject section */
		B1FDC07423E4449D00131681 /* Project object */ = {
			isa = PBXProject;
			attributes = {
				LastUpgradeCheck = 1120;
				ORGANIZATIONNAME = "Sergei Rastrigin";
				TargetAttributes = {
					B1FDC07B23E4449D00131681 = {
						CreatedOnToolsVersion = 11.2.1;
					};
					B1FDC09623E4449E00131681 = {
						CreatedOnToolsVersion = 11.2.1;
						LastSwiftMigration = 1120;
						TestTargetID = B1FDC07B23E4449D00131681;
					};
				};
			};
			buildConfigurationList = B1FDC07723E4449D00131681 /* Build configuration list for PBXProject "E2EApp" */;
			compatibilityVersion = "Xcode 9.3";
			developmentRegion = en;
			hasScannedForEncodings = 0;
			knownRegions = (
				en,
				Base,
			);
			mainGroup = B1FDC07323E4449D00131681;
			productRefGroup = B1FDC07D23E4449D00131681 /* Products */;
			projectDirPath = "";
			projectRoot = "";
			targets = (
				B1FDC07B23E4449D00131681 /* E2EApp */,
				B1FDC09623E4449E00131681 /* E2EAppUITests */,
			);
		};
/* End PBXProject section */

/* Begin PBXResourcesBuildPhase section */
		B1FDC07A23E4449D00131681 /* Resources */ = {
			isa = PBXResourcesBuildPhase;
			buildActionMask = 2147483647;
			files = (
				B1FDC08F23E4449E00131681 /* LaunchScreen.storyboard in Resources */,
				B1FDC08C23E4449E00131681 /* Assets.xcassets in Resources */,
				B1FDC08A23E4449D00131681 /* Main.storyboard in Resources */,
			);
			runOnlyForDeploymentPostprocessing = 0;
		};
		B1FDC09523E4449E00131681 /* Resources */ = {
			isa = PBXResourcesBuildPhase;
			buildActionMask = 2147483647;
			files = (
				3C1FB44224096EB90010CFD4 /* vars.json in Resources */,
			);
			runOnlyForDeploymentPostprocessing = 0;
		};
/* End PBXResourcesBuildPhase section */

/* Begin PBXShellScriptBuildPhase section */
		2F8DE63FD7BA13C5D60439F1 /* [CP] Embed Pods Frameworks */ = {
			isa = PBXShellScriptBuildPhase;
			buildActionMask = 2147483647;
			files = (
			);
			inputFileListPaths = (
				"${PODS_ROOT}/Target Support Files/Pods-E2EApp-E2EAppUITests/Pods-E2EApp-E2EAppUITests-frameworks-${CONFIGURATION}-input-files.xcfilelist",
			);
			name = "[CP] Embed Pods Frameworks";
			outputFileListPaths = (
				"${PODS_ROOT}/Target Support Files/Pods-E2EApp-E2EAppUITests/Pods-E2EApp-E2EAppUITests-frameworks-${CONFIGURATION}-output-files.xcfilelist",
			);
			runOnlyForDeploymentPostprocessing = 0;
			shellPath = /bin/sh;
			shellScript = "\"${PODS_ROOT}/Target Support Files/Pods-E2EApp-E2EAppUITests/Pods-E2EApp-E2EAppUITests-frameworks.sh\"\n";
			showEnvVarsInLog = 0;
		};
		3CD3237978111C2C937D045A /* [CP] Check Pods Manifest.lock */ = {
			isa = PBXShellScriptBuildPhase;
			buildActionMask = 2147483647;
			files = (
			);
			inputFileListPaths = (
			);
			inputPaths = (
				"${PODS_PODFILE_DIR_PATH}/Podfile.lock",
				"${PODS_ROOT}/Manifest.lock",
			);
			name = "[CP] Check Pods Manifest.lock";
			outputFileListPaths = (
			);
			outputPaths = (
				"$(DERIVED_FILE_DIR)/Pods-E2EApp-E2EAppUITests-checkManifestLockResult.txt",
			);
			runOnlyForDeploymentPostprocessing = 0;
			shellPath = /bin/sh;
			shellScript = "diff \"${PODS_PODFILE_DIR_PATH}/Podfile.lock\" \"${PODS_ROOT}/Manifest.lock\" > /dev/null\nif [ $? != 0 ] ; then\n    # print error to STDERR\n    echo \"error: The sandbox is not in sync with the Podfile.lock. Run 'pod install' or update your CocoaPods installation.\" >&2\n    exit 1\nfi\n# This output is used by Xcode 'outputs' to avoid re-running this script phase.\necho \"SUCCESS\" > \"${SCRIPT_OUTPUT_FILE_0}\"\n";
			showEnvVarsInLog = 0;
		};
		41F8E1352D54804245896C03 /* [CP] Check Pods Manifest.lock */ = {
			isa = PBXShellScriptBuildPhase;
			buildActionMask = 2147483647;
			files = (
			);
			inputFileListPaths = (
			);
			inputPaths = (
				"${PODS_PODFILE_DIR_PATH}/Podfile.lock",
				"${PODS_ROOT}/Manifest.lock",
			);
			name = "[CP] Check Pods Manifest.lock";
			outputFileListPaths = (
			);
			outputPaths = (
				"$(DERIVED_FILE_DIR)/Pods-E2EApp-checkManifestLockResult.txt",
			);
			runOnlyForDeploymentPostprocessing = 0;
			shellPath = /bin/sh;
			shellScript = "diff \"${PODS_PODFILE_DIR_PATH}/Podfile.lock\" \"${PODS_ROOT}/Manifest.lock\" > /dev/null\nif [ $? != 0 ] ; then\n    # print error to STDERR\n    echo \"error: The sandbox is not in sync with the Podfile.lock. Run 'pod install' or update your CocoaPods installation.\" >&2\n    exit 1\nfi\n# This output is used by Xcode 'outputs' to avoid re-running this script phase.\necho \"SUCCESS\" > \"${SCRIPT_OUTPUT_FILE_0}\"\n";
			showEnvVarsInLog = 0;
		};
		FDB41A8D798FA3F338D2E13A /* [CP] Embed Pods Frameworks */ = {
			isa = PBXShellScriptBuildPhase;
			buildActionMask = 2147483647;
			files = (
			);
			inputFileListPaths = (
				"${PODS_ROOT}/Target Support Files/Pods-E2EApp/Pods-E2EApp-frameworks-${CONFIGURATION}-input-files.xcfilelist",
			);
			name = "[CP] Embed Pods Frameworks";
			outputFileListPaths = (
				"${PODS_ROOT}/Target Support Files/Pods-E2EApp/Pods-E2EApp-frameworks-${CONFIGURATION}-output-files.xcfilelist",
			);
			runOnlyForDeploymentPostprocessing = 0;
			shellPath = /bin/sh;
			shellScript = "\"${PODS_ROOT}/Target Support Files/Pods-E2EApp/Pods-E2EApp-frameworks.sh\"\n";
			showEnvVarsInLog = 0;
		};
/* End PBXShellScriptBuildPhase section */

/* Begin PBXSourcesBuildPhase section */
		B1FDC07823E4449D00131681 /* Sources */ = {
			isa = PBXSourcesBuildPhase;
			buildActionMask = 2147483647;
			files = (
				B1FDC08123E4449D00131681 /* AppDelegate.m in Sources */,
				B1FDC09223E4449E00131681 /* main.m in Sources */,
				3C1FB44324096FE20010CFD4 /* LoginViewController.m in Sources */,
			);
			runOnlyForDeploymentPostprocessing = 0;
		};
		B1FDC09323E4449E00131681 /* Sources */ = {
			isa = PBXSourcesBuildPhase;
			buildActionMask = 2147483647;
			files = (
				3C1FB444240971550010CFD4 /* LoginViewController.m in Sources */,
				B1FDC09C23E4449E00131681 /* E2EAppUITests.m in Sources */,
				B1289CD624166B2300F33F35 /* JWTGenerator.swift in Sources */,
			);
			runOnlyForDeploymentPostprocessing = 0;
		};
/* End PBXSourcesBuildPhase section */

/* Begin PBXTargetDependency section */
		B1FDC09923E4449E00131681 /* PBXTargetDependency */ = {
			isa = PBXTargetDependency;
			platformFilter = ios;
			target = B1FDC07B23E4449D00131681 /* E2EApp */;
			targetProxy = B1FDC09823E4449E00131681 /* PBXContainerItemProxy */;
		};
/* End PBXTargetDependency section */

/* Begin PBXVariantGroup section */
		B1FDC08823E4449D00131681 /* Main.storyboard */ = {
			isa = PBXVariantGroup;
			children = (
				B1FDC08923E4449D00131681 /* Base */,
			);
			name = Main.storyboard;
			sourceTree = "<group>";
		};
		B1FDC08D23E4449E00131681 /* LaunchScreen.storyboard */ = {
			isa = PBXVariantGroup;
			children = (
				B1FDC08E23E4449E00131681 /* Base */,
			);
			name = LaunchScreen.storyboard;
			sourceTree = "<group>";
		};
/* End PBXVariantGroup section */

/* Begin XCBuildConfiguration section */
		B1FDC09E23E4449E00131681 /* Debug */ = {
			isa = XCBuildConfiguration;
			buildSettings = {
				ALWAYS_SEARCH_USER_PATHS = NO;
				CLANG_ANALYZER_NONNULL = YES;
				CLANG_ANALYZER_NUMBER_OBJECT_CONVERSION = YES_AGGRESSIVE;
				CLANG_CXX_LANGUAGE_STANDARD = "gnu++14";
				CLANG_CXX_LIBRARY = "libc++";
				CLANG_ENABLE_MODULES = YES;
				CLANG_ENABLE_OBJC_ARC = YES;
				CLANG_ENABLE_OBJC_WEAK = YES;
				CLANG_WARN_BLOCK_CAPTURE_AUTORELEASING = YES;
				CLANG_WARN_BOOL_CONVERSION = YES;
				CLANG_WARN_COMMA = YES;
				CLANG_WARN_CONSTANT_CONVERSION = YES;
				CLANG_WARN_DEPRECATED_OBJC_IMPLEMENTATIONS = YES;
				CLANG_WARN_DIRECT_OBJC_ISA_USAGE = YES_ERROR;
				CLANG_WARN_DOCUMENTATION_COMMENTS = YES;
				CLANG_WARN_EMPTY_BODY = YES;
				CLANG_WARN_ENUM_CONVERSION = YES;
				CLANG_WARN_INFINITE_RECURSION = YES;
				CLANG_WARN_INT_CONVERSION = YES;
				CLANG_WARN_NON_LITERAL_NULL_CONVERSION = YES;
				CLANG_WARN_OBJC_IMPLICIT_RETAIN_SELF = YES;
				CLANG_WARN_OBJC_LITERAL_CONVERSION = YES;
				CLANG_WARN_OBJC_ROOT_CLASS = YES_ERROR;
				CLANG_WARN_RANGE_LOOP_ANALYSIS = YES;
				CLANG_WARN_STRICT_PROTOTYPES = YES;
				CLANG_WARN_SUSPICIOUS_MOVE = YES;
				CLANG_WARN_UNGUARDED_AVAILABILITY = YES_AGGRESSIVE;
				CLANG_WARN_UNREACHABLE_CODE = YES;
				CLANG_WARN__DUPLICATE_METHOD_MATCH = YES;
				COPY_PHASE_STRIP = NO;
				DEBUG_INFORMATION_FORMAT = dwarf;
				ENABLE_STRICT_OBJC_MSGSEND = YES;
				ENABLE_TESTABILITY = YES;
				GCC_C_LANGUAGE_STANDARD = gnu11;
				GCC_DYNAMIC_NO_PIC = NO;
				GCC_NO_COMMON_BLOCKS = YES;
				GCC_OPTIMIZATION_LEVEL = 0;
				GCC_PREPROCESSOR_DEFINITIONS = (
					"DEBUG=1",
					"$(inherited)",
				);
				GCC_WARN_64_TO_32_BIT_CONVERSION = YES;
				GCC_WARN_ABOUT_RETURN_TYPE = YES_ERROR;
				GCC_WARN_UNDECLARED_SELECTOR = YES;
				GCC_WARN_UNINITIALIZED_AUTOS = YES_AGGRESSIVE;
				GCC_WARN_UNUSED_FUNCTION = YES;
				GCC_WARN_UNUSED_VARIABLE = YES;
				IPHONEOS_DEPLOYMENT_TARGET = 10.2;
				MTL_ENABLE_DEBUG_INFO = INCLUDE_SOURCE;
				MTL_FAST_MATH = YES;
				ONLY_ACTIVE_ARCH = YES;
				SDKROOT = iphoneos;
			};
			name = Debug;
		};
		B1FDC09F23E4449E00131681 /* Release */ = {
			isa = XCBuildConfiguration;
			buildSettings = {
				ALWAYS_SEARCH_USER_PATHS = NO;
				CLANG_ANALYZER_NONNULL = YES;
				CLANG_ANALYZER_NUMBER_OBJECT_CONVERSION = YES_AGGRESSIVE;
				CLANG_CXX_LANGUAGE_STANDARD = "gnu++14";
				CLANG_CXX_LIBRARY = "libc++";
				CLANG_ENABLE_MODULES = YES;
				CLANG_ENABLE_OBJC_ARC = YES;
				CLANG_ENABLE_OBJC_WEAK = YES;
				CLANG_WARN_BLOCK_CAPTURE_AUTORELEASING = YES;
				CLANG_WARN_BOOL_CONVERSION = YES;
				CLANG_WARN_COMMA = YES;
				CLANG_WARN_CONSTANT_CONVERSION = YES;
				CLANG_WARN_DEPRECATED_OBJC_IMPLEMENTATIONS = YES;
				CLANG_WARN_DIRECT_OBJC_ISA_USAGE = YES_ERROR;
				CLANG_WARN_DOCUMENTATION_COMMENTS = YES;
				CLANG_WARN_EMPTY_BODY = YES;
				CLANG_WARN_ENUM_CONVERSION = YES;
				CLANG_WARN_INFINITE_RECURSION = YES;
				CLANG_WARN_INT_CONVERSION = YES;
				CLANG_WARN_NON_LITERAL_NULL_CONVERSION = YES;
				CLANG_WARN_OBJC_IMPLICIT_RETAIN_SELF = YES;
				CLANG_WARN_OBJC_LITERAL_CONVERSION = YES;
				CLANG_WARN_OBJC_ROOT_CLASS = YES_ERROR;
				CLANG_WARN_RANGE_LOOP_ANALYSIS = YES;
				CLANG_WARN_STRICT_PROTOTYPES = YES;
				CLANG_WARN_SUSPICIOUS_MOVE = YES;
				CLANG_WARN_UNGUARDED_AVAILABILITY = YES_AGGRESSIVE;
				CLANG_WARN_UNREACHABLE_CODE = YES;
				CLANG_WARN__DUPLICATE_METHOD_MATCH = YES;
				COPY_PHASE_STRIP = NO;
				DEBUG_INFORMATION_FORMAT = "dwarf-with-dsym";
				ENABLE_NS_ASSERTIONS = NO;
				ENABLE_STRICT_OBJC_MSGSEND = YES;
				GCC_C_LANGUAGE_STANDARD = gnu11;
				GCC_NO_COMMON_BLOCKS = YES;
				GCC_WARN_64_TO_32_BIT_CONVERSION = YES;
				GCC_WARN_ABOUT_RETURN_TYPE = YES_ERROR;
				GCC_WARN_UNDECLARED_SELECTOR = YES;
				GCC_WARN_UNINITIALIZED_AUTOS = YES_AGGRESSIVE;
				GCC_WARN_UNUSED_FUNCTION = YES;
				GCC_WARN_UNUSED_VARIABLE = YES;
				IPHONEOS_DEPLOYMENT_TARGET = 10.2;
				MTL_ENABLE_DEBUG_INFO = NO;
				MTL_FAST_MATH = YES;
				SDKROOT = iphoneos;
				VALIDATE_PRODUCT = YES;
			};
			name = Release;
		};
		B1FDC0A123E4449E00131681 /* Debug */ = {
			isa = XCBuildConfiguration;
			baseConfigurationReference = 49111ABCDB4BB1DE98C27324 /* Pods-E2EApp.debug.xcconfig */;
			buildSettings = {
				ASSETCATALOG_COMPILER_APPICON_NAME = AppIcon;
				CODE_SIGN_IDENTITY = "iPhone Developer";
				CODE_SIGN_STYLE = Manual;
				DEVELOPMENT_TEAM = PR6C39UQ38;
				ENABLE_BITCODE = NO;
				INFOPLIST_FILE = E2EApp/Info.plist;
				IPHONEOS_DEPLOYMENT_TARGET = 10.2;
				LD_RUNPATH_SEARCH_PATHS = (
					"$(inherited)",
					"@executable_path/Frameworks",
				);
				PRODUCT_BUNDLE_IDENTIFIER = com.rastrigin.E2EApp;
				PRODUCT_NAME = "$(TARGET_NAME)";
				PROVISIONING_PROFILE_SPECIFIER = "Rastrigin Test Profile";
				TARGETED_DEVICE_FAMILY = "1,2";
			};
			name = Debug;
		};
		B1FDC0A223E4449E00131681 /* Release */ = {
			isa = XCBuildConfiguration;
			baseConfigurationReference = D226BAA30E8CE07868555587 /* Pods-E2EApp.release.xcconfig */;
			buildSettings = {
				ASSETCATALOG_COMPILER_APPICON_NAME = AppIcon;
				CODE_SIGN_IDENTITY = "iPhone Developer";
				CODE_SIGN_STYLE = Manual;
				DEVELOPMENT_TEAM = PR6C39UQ38;
				ENABLE_BITCODE = NO;
				INFOPLIST_FILE = E2EApp/Info.plist;
				IPHONEOS_DEPLOYMENT_TARGET = 10.2;
				LD_RUNPATH_SEARCH_PATHS = (
					"$(inherited)",
					"@executable_path/Frameworks",
				);
				PRODUCT_BUNDLE_IDENTIFIER = com.rastrigin.sergei.E2EApp;
				PRODUCT_NAME = "$(TARGET_NAME)";
				PROVISIONING_PROFILE_SPECIFIER = "Rastrigin Test Profile";
				TARGETED_DEVICE_FAMILY = "1,2";
			};
			name = Release;
		};
		B1FDC0A423E4449E00131681 /* Debug */ = {
			isa = XCBuildConfiguration;
			baseConfigurationReference = 336493425D2794FD8AE2C538 /* Pods-E2EApp-E2EAppUITests.debug.xcconfig */;
			buildSettings = {
				CLANG_ENABLE_MODULES = YES;
				CODE_SIGN_IDENTITY = "Apple Development";
				"CODE_SIGN_IDENTITY[sdk=macosx*]" = "Apple Development";
				CODE_SIGN_STYLE = Automatic;
				DEVELOPMENT_TEAM = KR829UR43T;
				INFOPLIST_FILE = E2EAppUITests/Info.plist;
				IPHONEOS_DEPLOYMENT_TARGET = 10.2;
				LD_RUNPATH_SEARCH_PATHS = (
					"$(inherited)",
					"@executable_path/Frameworks",
					"@loader_path/Frameworks",
				);
				PRODUCT_BUNDLE_IDENTIFIER = com.rastrigin.sergei.E2EAppUITests;
				PRODUCT_NAME = "$(TARGET_NAME)";
				PROVISIONING_PROFILE_SPECIFIER = "";
				"PROVISIONING_PROFILE_SPECIFIER[sdk=macosx*]" = "";
				SWIFT_OBJC_BRIDGING_HEADER = "E2EAppUITests/E2EAppUITests-Bridging-Header.h";
				SWIFT_OPTIMIZATION_LEVEL = "-Onone";
				SWIFT_VERSION = 5.0;
				TARGETED_DEVICE_FAMILY = "1,2";
				TEST_TARGET_NAME = E2EApp;
			};
			name = Debug;
		};
		B1FDC0A523E4449E00131681 /* Release */ = {
			isa = XCBuildConfiguration;
			baseConfigurationReference = 65B8AF7CD9189398FD1E73C8 /* Pods-E2EApp-E2EAppUITests.release.xcconfig */;
			buildSettings = {
				CLANG_ENABLE_MODULES = YES;
				CODE_SIGN_IDENTITY = "Apple Development";
				"CODE_SIGN_IDENTITY[sdk=macosx*]" = "Apple Development";
				CODE_SIGN_STYLE = Automatic;
				DEVELOPMENT_TEAM = PR6C39UQ38;
				INFOPLIST_FILE = E2EAppUITests/Info.plist;
				IPHONEOS_DEPLOYMENT_TARGET = 10.2;
				LD_RUNPATH_SEARCH_PATHS = (
					"$(inherited)",
					"@executable_path/Frameworks",
					"@loader_path/Frameworks",
				);
				PRODUCT_BUNDLE_IDENTIFIER = com.rastrigin.sergei.E2EAppUITests;
				PRODUCT_NAME = "$(TARGET_NAME)";
				PROVISIONING_PROFILE_SPECIFIER = "";
				"PROVISIONING_PROFILE_SPECIFIER[sdk=macosx*]" = "";
				SWIFT_OBJC_BRIDGING_HEADER = "E2EAppUITests/E2EAppUITests-Bridging-Header.h";
				SWIFT_VERSION = 5.0;
				TARGETED_DEVICE_FAMILY = "1,2";
				TEST_TARGET_NAME = E2EApp;
			};
			name = Release;
		};
/* End XCBuildConfiguration section */

/* Begin XCConfigurationList section */
		B1FDC07723E4449D00131681 /* Build configuration list for PBXProject "E2EApp" */ = {
			isa = XCConfigurationList;
			buildConfigurations = (
				B1FDC09E23E4449E00131681 /* Debug */,
				B1FDC09F23E4449E00131681 /* Release */,
			);
			defaultConfigurationIsVisible = 0;
			defaultConfigurationName = Release;
		};
		B1FDC0A023E4449E00131681 /* Build configuration list for PBXNativeTarget "E2EApp" */ = {
			isa = XCConfigurationList;
			buildConfigurations = (
				B1FDC0A123E4449E00131681 /* Debug */,
				B1FDC0A223E4449E00131681 /* Release */,
			);
			defaultConfigurationIsVisible = 0;
			defaultConfigurationName = Release;
		};
		B1FDC0A323E4449E00131681 /* Build configuration list for PBXNativeTarget "E2EAppUITests" */ = {
			isa = XCConfigurationList;
			buildConfigurations = (
				B1FDC0A423E4449E00131681 /* Debug */,
				B1FDC0A523E4449E00131681 /* Release */,
			);
			defaultConfigurationIsVisible = 0;
			defaultConfigurationName = Release;
		};
/* End XCConfigurationList section */
	};
	rootObject = B1FDC07423E4449D00131681 /* Project object */;
}
